
Microsoft Visual Studio Solution File, Format Version 12.00
Project("{FAE04EC0-301F-11D3-BF4B-00C04F79EFBC}") = "CoffeMachine", "CoffeMachine\CoffeMachine.csproj", "{5AD4D532-5493-45AE-8929-307D13071A87}"
EndProject
Global
	GlobalSection(SolutionConfigurationPlatforms) = preSolution
		Debug|Any CPU = Debug|Any CPU
		Release|Any CPU = Release|Any CPU
	EndGlobalSection
	GlobalSection(ProjectConfigurationPlatforms) = postSolution
		{5AD4D532-5493-45AE-8929-307D13071A87}.Debug|Any CPU.ActiveCfg = Debug|Any CPU
		{5AD4D532-5493-45AE-8929-307D13071A87}.Debug|Any CPU.Build.0 = Debug|Any CPU
		{5AD4D532-5493-45AE-8929-307D13071A87}.Release|Any CPU.ActiveCfg = Release|Any CPU
		{5AD4D532-5493-45AE-8929-307D13071A87}.Release|Any CPU.Build.0 = Release|Any CPU
	EndGlobalSection
EndGlobal
